
Microsoft Visual Studio Solution File, Format Version 12.00
# Visual Studio Version 16
VisualStudioVersion = 16.0.31410.357
MinimumVisualStudioVersion = 10.0.40219.1
Project("{9A19103F-16F7-4668-BE54-9A1E7A4F7556}") = "MeterReadingAPI", "MeterReadingAPI\MeterReadingAPI.csproj", "{5450E1AE-4B25-49E3-A6BE-41F3FECB3D94}"
EndProject
Project("{9A19103F-16F7-4668-BE54-9A1E7A4F7556}") = "MeterReadingWebApp", "MeterReadingWebApp\MeterReadingWebApp.csproj", "{AFC41F8D-01AC-45E7-82AD-0D7FEF07D68D}"
EndProject
Global
	GlobalSection(SolutionConfigurationPlatforms) = preSolution
		Debug|Any CPU = Debug|Any CPU
		Release|Any CPU = Release|Any CPU
	EndGlobalSection
	GlobalSection(ProjectConfigurationPlatforms) = postSolution
		{5450E1AE-4B25-49E3-A6BE-41F3FECB3D94}.Debug|Any CPU.ActiveCfg = Debug|Any CPU
		{5450E1AE-4B25-49E3-A6BE-41F3FECB3D94}.Debug|Any CPU.Build.0 = Debug|Any CPU
		{5450E1AE-4B25-49E3-A6BE-41F3FECB3D94}.Release|Any CPU.ActiveCfg = Release|Any CPU
		{5450E1AE-4B25-49E3-A6BE-41F3FECB3D94}.Release|Any CPU.Build.0 = Release|Any CPU
		{AFC41F8D-01AC-45E7-82AD-0D7FEF07D68D}.Debug|Any CPU.ActiveCfg = Debug|Any CPU
		{AFC41F8D-01AC-45E7-82AD-0D7FEF07D68D}.Debug|Any CPU.Build.0 = Debug|Any CPU
		{AFC41F8D-01AC-45E7-82AD-0D7FEF07D68D}.Release|Any CPU.ActiveCfg = Release|Any CPU
		{AFC41F8D-01AC-45E7-82AD-0D7FEF07D68D}.Release|Any CPU.Build.0 = Release|Any CPU
	EndGlobalSection
	GlobalSection(SolutionProperties) = preSolution
		HideSolutionNode = FALSE
	EndGlobalSection
	GlobalSection(ExtensibilityGlobals) = postSolution
		SolutionGuid = {33798E70-371B-455A-A4D8-25F439AFAFAE}
	EndGlobalSection
EndGlobal
